
Microsoft Visual Studio Solution File, Format Version 12.00
# Visual Studio Version 17
VisualStudioVersion = 17.0.31903.59
MinimumVisualStudioVersion = 10.0.40219.1
Project("{FAE04EC0-301F-11D3-BF4B-00C04F79EFBC}") = "LockService", "LockService\LockService.csproj", "{5D479072-076F-4F92-B1E2-AE91E583C478}"
EndProject
Project("{FAE04EC0-301F-11D3-BF4B-00C04F79EFBC}") = "LockController", "LockController\LockController.csproj", "{8E108EFD-0641-4E7B-B6BE-6EF619541D99}"
EndProject
Project("{FAE04EC0-301F-11D3-BF4B-00C04F79EFBC}") = "Shared", "Shared\Shared.csproj", "{4EF288D4-96A2-481D-A9E2-0C94373DB2F1}"
EndProject
Project("{FAE04EC0-301F-11D3-BF4B-00C04F79EFBC}") = "LockService.Tests", "LockService.Tests\LockService.Tests.csproj", "{2B020641-3006-4F9D-ACDE-A8E26CF27A9C}"
EndProject
Global
	GlobalSection(SolutionConfigurationPlatforms) = preSolution
		Debug|Any CPU = Debug|Any CPU
		Release|Any CPU = Release|Any CPU
	EndGlobalSection
	GlobalSection(SolutionProperties) = preSolution
		HideSolutionNode = FALSE
	EndGlobalSection
	GlobalSection(ProjectConfigurationPlatforms) = postSolution
		{5D479072-076F-4F92-B1E2-AE91E583C478}.Debug|Any CPU.ActiveCfg = Debug|Any CPU
		{5D479072-076F-4F92-B1E2-AE91E583C478}.Debug|Any CPU.Build.0 = Debug|Any CPU
		{5D479072-076F-4F92-B1E2-AE91E583C478}.Release|Any CPU.ActiveCfg = Release|Any CPU
		{5D479072-076F-4F92-B1E2-AE91E583C478}.Release|Any CPU.Build.0 = Release|Any CPU
		{8E108EFD-0641-4E7B-B6BE-6EF619541D99}.Debug|Any CPU.ActiveCfg = Debug|Any CPU
		{8E108EFD-0641-4E7B-B6BE-6EF619541D99}.Debug|Any CPU.Build.0 = Debug|Any CPU
		{8E108EFD-0641-4E7B-B6BE-6EF619541D99}.Release|Any CPU.ActiveCfg = Release|Any CPU
		{8E108EFD-0641-4E7B-B6BE-6EF619541D99}.Release|Any CPU.Build.0 = Release|Any CPU
		{4EF288D4-96A2-481D-A9E2-0C94373DB2F1}.Debug|Any CPU.ActiveCfg = Debug|Any CPU
		{4EF288D4-96A2-481D-A9E2-0C94373DB2F1}.Debug|Any CPU.Build.0 = Debug|Any CPU
		{4EF288D4-96A2-481D-A9E2-0C94373DB2F1}.Release|Any CPU.ActiveCfg = Release|Any CPU
		{4EF288D4-96A2-481D-A9E2-0C94373DB2F1}.Release|Any CPU.Build.0 = Release|Any CPU
		{2B020641-3006-4F9D-ACDE-A8E26CF27A9C}.Debug|Any CPU.ActiveCfg = Debug|Any CPU
		{2B020641-3006-4F9D-ACDE-A8E26CF27A9C}.Debug|Any CPU.Build.0 = Debug|Any CPU
		{2B020641-3006-4F9D-ACDE-A8E26CF27A9C}.Release|Any CPU.ActiveCfg = Release|Any CPU
		{2B020641-3006-4F9D-ACDE-A8E26CF27A9C}.Release|Any CPU.Build.0 = Release|Any CPU
	EndGlobalSection
EndGlobal
